
Microsoft Visual Studio Solution File, Format Version 12.00
# Visual Studio Version 16
VisualStudioVersion = 16.0.31624.102
MinimumVisualStudioVersion = 10.0.40219.1
Project("{FAE04EC0-301F-11D3-BF4B-00C04F79EFBC}") = "BigMammaUML3_41121", "BigMammaUML3_41121\BigMammaUML3_41121.csproj", "{20BCA74E-4186-4D24-B0C2-572D399FDB74}"
EndProject
Project("{FAE04EC0-301F-11D3-BF4B-00C04F79EFBC}") = "UML3TestProject", "UML3TestProject\UML3TestProject.csproj", "{5B97CC31-96AD-4ECD-93A2-5821B6DFE5C9}"
EndProject
Global
	GlobalSection(SolutionConfigurationPlatforms) = preSolution
		Debug|Any CPU = Debug|Any CPU
		Release|Any CPU = Release|Any CPU
	EndGlobalSection
	GlobalSection(ProjectConfigurationPlatforms) = postSolution
		{20BCA74E-4186-4D24-B0C2-572D399FDB74}.Debug|Any CPU.ActiveCfg = Debug|Any CPU
		{20BCA74E-4186-4D24-B0C2-572D399FDB74}.Debug|Any CPU.Build.0 = Debug|Any CPU
		{20BCA74E-4186-4D24-B0C2-572D399FDB74}.Release|Any CPU.ActiveCfg = Release|Any CPU
		{20BCA74E-4186-4D24-B0C2-572D399FDB74}.Release|Any CPU.Build.0 = Release|Any CPU
		{5B97CC31-96AD-4ECD-93A2-5821B6DFE5C9}.Debug|Any CPU.ActiveCfg = Debug|Any CPU
		{5B97CC31-96AD-4ECD-93A2-5821B6DFE5C9}.Debug|Any CPU.Build.0 = Debug|Any CPU
		{5B97CC31-96AD-4ECD-93A2-5821B6DFE5C9}.Release|Any CPU.ActiveCfg = Release|Any CPU
		{5B97CC31-96AD-4ECD-93A2-5821B6DFE5C9}.Release|Any CPU.Build.0 = Release|Any CPU
	EndGlobalSection
	GlobalSection(SolutionProperties) = preSolution
		HideSolutionNode = FALSE
	EndGlobalSection
	GlobalSection(ExtensibilityGlobals) = postSolution
		SolutionGuid = {BFEA0322-131F-4F5F-83AD-66A3377A2456}
	EndGlobalSection
EndGlobal
